dependencies:
- name: hammrly-gateway
  repository: file://../gateway
  version: 0.3.0
- name: hammrly-orchestrator
  repository: file://../orchestrator
  version: 0.3.0
- name: hammrly-query
  repository: file://../query
  version: 0.3.0
- name: hammrly-catalog
  repository: file://../catalog
  version: 0.3.0
- name: hammrly-portal
  repository: file://../portal
  version: 0.3.0
digest: sha256:d4775289b237ca56a870a32bbf937e0b3b3868c58be253a9555bffb14aa0eca9
generated: "2026-07-31T21:36:33.137363663Z"
